
Microsoft Visual Studio Solution File, Format Version 12.00
# Visual Studio Version 16
VisualStudioVersion = 16.0.30128.74
MinimumVisualStudioVersion = 10.0.40219.1
Project("{FAE04EC0-301F-11D3-BF4B-00C04F79EFBC}") = "Project", "Project\Project.csproj", "{434CB5DA-C8C3-4941-A7F8-08178D39B7FB}"
EndProject
Project("{FAE04EC0-301F-11D3-BF4B-00C04F79EFBC}") = "Project.DAL", "Project.DAL\Project.DAL.csproj", "{0A070CD3-8402-4F22-95AC-6964BD2EF02B}"
EndProject
Project("{FAE04EC0-301F-11D3-BF4B-00C04F79EFBC}") = "PAARS.DAL", "PAARS.DAL\PAARS.DAL.csproj", "{7E7227A8-04D1-4CA7-A0BF-1879886535C4}"
EndProject
Project("{FAE04EC0-301F-11D3-BF4B-00C04F79EFBC}") = "GNSW.DAL", "GNSW.DAL\GNSW.DAL.csproj", "{96AE3EDA-3404-4F81-835D-DDC4195317FB}"
EndProject
Project("{FAE04EC0-301F-11D3-BF4B-00C04F79EFBC}") = "CHAMS.DAL", "CHAMS.DAL\CHAMS.DAL.csproj", "{8EABC665-C190-4955-B95A-2AEE498B74BF}"
EndProject
Project("{FAE04EC0-301F-11D3-BF4B-00C04F79EFBC}") = "Classification.DAL", "Classification.DAL\Classification.DAL.csproj", "{9ACE2619-D232-48EB-94F6-EA9E7E668C68}"
EndProject
Global
	GlobalSection(SolutionConfigurationPlatforms) = preSolution
		Debug|Any CPU = Debug|Any CPU
		Debug|ARM = Debug|ARM
		Debug|ARM64 = Debug|ARM64
		Debug|x64 = Debug|x64
		Debug|x86 = Debug|x86
		Release|Any CPU = Release|Any CPU
		Release|ARM = Release|ARM
		Release|ARM64 = Release|ARM64
		Release|x64 = Release|x64
		Release|x86 = Release|x86
	EndGlobalSection
	GlobalSection(ProjectConfigurationPlatforms) = postSolution
		{434CB5DA-C8C3-4941-A7F8-08178D39B7FB}.Debug|Any CPU.ActiveCfg = Debug|Any CPU
		{434CB5DA-C8C3-4941-A7F8-08178D39B7FB}.Debug|Any CPU.Build.0 = Debug|Any CPU
		{434CB5DA-C8C3-4941-A7F8-08178D39B7FB}.Debug|ARM.ActiveCfg = Debug|Any CPU
		{434CB5DA-C8C3-4941-A7F8-08178D39B7FB}.Debug|ARM.Build.0 = Debug|Any CPU
		{434CB5DA-C8C3-4941-A7F8-08178D39B7FB}.Debug|ARM64.ActiveCfg = Debug|Any CPU
		{434CB5DA-C8C3-4941-A7F8-08178D39B7FB}.Debug|ARM64.Build.0 = Debug|Any CPU
		{434CB5DA-C8C3-4941-A7F8-08178D39B7FB}.Debug|x64.ActiveCfg = Debug|Any CPU
		{434CB5DA-C8C3-4941-A7F8-08178D39B7FB}.Debug|x64.Build.0 = Debug|Any CPU
		{434CB5DA-C8C3-4941-A7F8-08178D39B7FB}.Debug|x86.ActiveCfg = Debug|Any CPU
		{434CB5DA-C8C3-4941-A7F8-08178D39B7FB}.Debug|x86.Build.0 = Debug|Any CPU
		{434CB5DA-C8C3-4941-A7F8-08178D39B7FB}.Release|Any CPU.ActiveCfg = Release|Any CPU
		{434CB5DA-C8C3-4941-A7F8-08178D39B7FB}.Release|Any CPU.Build.0 = Release|Any CPU
		{434CB5DA-C8C3-4941-A7F8-08178D39B7FB}.Release|ARM.ActiveCfg = Release|Any CPU
		{434CB5DA-C8C3-4941-A7F8-08178D39B7FB}.Release|ARM.Build.0 = Release|Any CPU
		{434CB5DA-C8C3-4941-A7F8-08178D39B7FB}.Release|ARM64.ActiveCfg = Release|Any CPU
		{434CB5DA-C8C3-4941-A7F8-08178D39B7FB}.Release|ARM64.Build.0 = Release|Any CPU
		{434CB5DA-C8C3-4941-A7F8-08178D39B7FB}.Release|x64.ActiveCfg = Release|Any CPU
		{434CB5DA-C8C3-4941-A7F8-08178D39B7FB}.Release|x64.Build.0 = Release|Any CPU
		{434CB5DA-C8C3-4941-A7F8-08178D39B7FB}.Release|x86.ActiveCfg = Release|Any CPU
		{434CB5DA-C8C3-4941-A7F8-08178D39B7FB}.Release|x86.Build.0 = Release|Any CPU
		{0A070CD3-8402-4F22-95AC-6964BD2EF02B}.Debug|Any CPU.ActiveCfg = Debug|Any CPU
		{0A070CD3-8402-4F22-95AC-6964BD2EF02B}.Debug|Any CPU.Build.0 = Debug|Any CPU
		{0A070CD3-8402-4F22-95AC-6964BD2EF02B}.Debug|ARM.ActiveCfg = Debug|Any CPU
		{0A070CD3-8402-4F22-95AC-6964BD2EF02B}.Debug|ARM.Build.0 = Debug|Any CPU
		{0A070CD3-8402-4F22-95AC-6964BD2EF02B}.Debug|ARM64.ActiveCfg = Debug|Any CPU
		{0A070CD3-8402-4F22-95AC-6964BD2EF02B}.Debug|ARM64.Build.0 = Debug|Any CPU
		{0A070CD3-8402-4F22-95AC-6964BD2EF02B}.Debug|x64.ActiveCfg = Debug|Any CPU
		{0A070CD3-8402-4F22-95AC-6964BD2EF02B}.Debug|x64.Build.0 = Debug|Any CPU
		{0A070CD3-8402-4F22-95AC-6964BD2EF02B}.Debug|x86.ActiveCfg = Debug|Any CPU
		{0A070CD3-8402-4F22-95AC-6964BD2EF02B}.Debug|x86.Build.0 = Debug|Any CPU
		{0A070CD3-8402-4F22-95AC-6964BD2EF02B}.Release|Any CPU.ActiveCfg = Release|Any CPU
		{0A070CD3-8402-4F22-95AC-6964BD2EF02B}.Release|Any CPU.Build.0 = Release|Any CPU
		{0A070CD3-8402-4F22-95AC-6964BD2EF02B}.Release|ARM.ActiveCfg = Release|Any CPU
		{0A070CD3-8402-4F22-95AC-6964BD2EF02B}.Release|ARM.Build.0 = Release|Any CPU
		{0A070CD3-8402-4F22-95AC-6964BD2EF02B}.Release|ARM64.ActiveCfg = Release|Any CPU
		{0A070CD3-8402-4F22-95AC-6964BD2EF02B}.Release|ARM64.Build.0 = Release|Any CPU
		{0A070CD3-8402-4F22-95AC-6964BD2EF02B}.Release|x64.ActiveCfg = Release|Any CPU
		{0A070CD3-8402-4F22-95AC-6964BD2EF02B}.Release|x64.Build.0 = Release|Any CPU
		{0A070CD3-8402-4F22-95AC-6964BD2EF02B}.Release|x86.ActiveCfg = Release|Any CPU
		{0A070CD3-8402-4F22-95AC-6964BD2EF02B}.Release|x86.Build.0 = Release|Any CPU
		{7E7227A8-04D1-4CA7-A0BF-1879886535C4}.Debug|Any CPU.ActiveCfg = Debug|Any CPU
		{7E7227A8-04D1-4CA7-A0BF-1879886535C4}.Debug|Any CPU.Build.0 = Debug|Any CPU
		{7E7227A8-04D1-4CA7-A0BF-1879886535C4}.Debug|ARM.ActiveCfg = Debug|Any CPU
		{7E7227A8-04D1-4CA7-A0BF-1879886535C4}.Debug|ARM.Build.0 = Debug|Any CPU
		{7E7227A8-04D1-4CA7-A0BF-1879886535C4}.Debug|ARM64.ActiveCfg = Debug|Any CPU
		{7E7227A8-04D1-4CA7-A0BF-1879886535C4}.Debug|ARM64.Build.0 = Debug|Any CPU
		{7E7227A8-04D1-4CA7-A0BF-1879886535C4}.Debug|x64.ActiveCfg = Debug|Any CPU
		{7E7227A8-04D1-4CA7-A0BF-1879886535C4}.Debug|x64.Build.0 = Debug|Any CPU
		{7E7227A8-04D1-4CA7-A0BF-1879886535C4}.Debug|x86.ActiveCfg = Debug|Any CPU
		{7E7227A8-04D1-4CA7-A0BF-1879886535C4}.Debug|x86.Build.0 = Debug|Any CPU
		{7E7227A8-04D1-4CA7-A0BF-1879886535C4}.Release|Any CPU.ActiveCfg = Release|Any CPU
		{7E7227A8-04D1-4CA7-A0BF-1879886535C4}.Release|Any CPU.Build.0 = Release|Any CPU
		{7E7227A8-04D1-4CA7-A0BF-1879886535C4}.Release|ARM.ActiveCfg = Release|Any CPU
		{7E7227A8-04D1-4CA7-A0BF-1879886535C4}.Release|ARM.Build.0 = Release|Any CPU
		{7E7227A8-04D1-4CA7-A0BF-1879886535C4}.Release|ARM64.ActiveCfg = Release|Any CPU
		{7E7227A8-04D1-4CA7-A0BF-1879886535C4}.Release|ARM64.Build.0 = Release|Any CPU
		{7E7227A8-04D1-4CA7-A0BF-1879886535C4}.Release|x64.ActiveCfg = Release|Any CPU
		{7E7227A8-04D1-4CA7-A0BF-1879886535C4}.Release|x64.Build.0 = Release|Any CPU
		{7E7227A8-04D1-4CA7-A0BF-1879886535C4}.Release|x86.ActiveCfg = Release|Any CPU
		{7E7227A8-04D1-4CA7-A0BF-1879886535C4}.Release|x86.Build.0 = Release|Any CPU
		{96AE3EDA-3404-4F81-835D-DDC4195317FB}.Debug|Any CPU.ActiveCfg = Debug|Any CPU
		{96AE3EDA-3404-4F81-835D-DDC4195317FB}.Debug|Any CPU.Build.0 = Debug|Any CPU
		{96AE3EDA-3404-4F81-835D-DDC4195317FB}.Debug|ARM.ActiveCfg = Debug|Any CPU
		{96AE3EDA-3404-4F81-835D-DDC4195317FB}.Debug|ARM.Build.0 = Debug|Any CPU
		{96AE3EDA-3404-4F81-835D-DDC4195317FB}.Debug|ARM64.ActiveCfg = Debug|Any CPU
		{96AE3EDA-3404-4F81-835D-DDC4195317FB}.Debug|ARM64.Build.0 = Debug|Any CPU
		{96AE3EDA-3404-4F81-835D-DDC4195317FB}.Debug|x64.ActiveCfg = Debug|Any CPU
		{96AE3EDA-3404-4F81-835D-DDC4195317FB}.Debug|x64.Build.0 = Debug|Any CPU
		{96AE3EDA-3404-4F81-835D-DDC4195317FB}.Debug|x86.ActiveCfg = Debug|Any CPU
		{96AE3EDA-3404-4F81-835D-DDC4195317FB}.Debug|x86.Build.0 = Debug|Any CPU
		{96AE3EDA-3404-4F81-835D-DDC4195317FB}.Release|Any CPU.ActiveCfg = Release|Any CPU
		{96AE3EDA-3404-4F81-835D-DDC4195317FB}.Release|Any CPU.Build.0 = Release|Any CPU
		{96AE3EDA-3404-4F81-835D-DDC4195317FB}.Release|ARM.ActiveCfg = Release|Any CPU
		{96AE3EDA-3404-4F81-835D-DDC4195317FB}.Release|ARM.Build.0 = Release|Any CPU
		{96AE3EDA-3404-4F81-835D-DDC4195317FB}.Release|ARM64.ActiveCfg = Release|Any CPU
		{96AE3EDA-3404-4F81-835D-DDC4195317FB}.Release|ARM64.Build.0 = Release|Any CPU
		{96AE3EDA-3404-4F81-835D-DDC4195317FB}.Release|x64.ActiveCfg = Release|Any CPU
		{96AE3EDA-3404-4F81-835D-DDC4195317FB}.Release|x64.Build.0 = Release|Any CPU
		{96AE3EDA-3404-4F81-835D-DDC4195317FB}.Release|x86.ActiveCfg = Release|Any CPU
		{96AE3EDA-3404-4F81-835D-DDC4195317FB}.Release|x86.Build.0 = Release|Any CPU
		{8EABC665-C190-4955-B95A-2AEE498B74BF}.Debug|Any CPU.ActiveCfg = Debug|Any CPU
		{8EABC665-C190-4955-B95A-2AEE498B74BF}.Debug|Any CPU.Build.0 = Debug|Any CPU
		{8EABC665-C190-4955-B95A-2AEE498B74BF}.Debug|ARM.ActiveCfg = Debug|Any CPU
		{8EABC665-C190-4955-B95A-2AEE498B74BF}.Debug|ARM.Build.0 = Debug|Any CPU
		{8EABC665-C190-4955-B95A-2AEE498B74BF}.Debug|ARM64.ActiveCfg = Debug|Any CPU
		{8EABC665-C190-4955-B95A-2AEE498B74BF}.Debug|ARM64.Build.0 = Debug|Any CPU
		{8EABC665-C190-4955-B95A-2AEE498B74BF}.Debug|x64.ActiveCfg = Debug|Any CPU
		{8EABC665-C190-4955-B95A-2AEE498B74BF}.Debug|x64.Build.0 = Debug|Any CPU
		{8EABC665-C190-4955-B95A-2AEE498B74BF}.Debug|x86.ActiveCfg = Debug|Any CPU
		{8EABC665-C190-4955-B95A-2AEE498B74BF}.Debug|x86.Build.0 = Debug|Any CPU
		{8EABC665-C190-4955-B95A-2AEE498B74BF}.Release|Any CPU.ActiveCfg = Release|Any CPU
		{8EABC665-C190-4955-B95A-2AEE498B74BF}.Release|Any CPU.Build.0 = Release|Any CPU
		{8EABC665-C190-4955-B95A-2AEE498B74BF}.Release|ARM.ActiveCfg = Release|Any CPU
		{8EABC665-C190-4955-B95A-2AEE498B74BF}.Release|ARM.Build.0 = Release|Any CPU
		{8EABC665-C190-4955-B95A-2AEE498B74BF}.Release|ARM64.ActiveCfg = Release|Any CPU
		{8EABC665-C190-4955-B95A-2AEE498B74BF}.Release|ARM64.Build.0 = Release|Any CPU
		{8EABC665-C190-4955-B95A-2AEE498B74BF}.Release|x64.ActiveCfg = Release|Any CPU
		{8EABC665-C190-4955-B95A-2AEE498B74BF}.Release|x64.Build.0 = Release|Any CPU
		{8EABC665-C190-4955-B95A-2AEE498B74BF}.Release|x86.ActiveCfg = Release|Any CPU
		{8EABC665-C190-4955-B95A-2AEE498B74BF}.Release|x86.Build.0 = Release|Any CPU
		{9ACE2619-D232-48EB-94F6-EA9E7E668C68}.Debug|Any CPU.ActiveCfg = Debug|Any CPU
		{9ACE2619-D232-48EB-94F6-EA9E7E668C68}.Debug|Any CPU.Build.0 = Debug|Any CPU
		{9ACE2619-D232-48EB-94F6-EA9E7E668C68}.Debug|ARM.ActiveCfg = Debug|Any CPU
		{9ACE2619-D232-48EB-94F6-EA9E7E668C68}.Debug|ARM.Build.0 = Debug|Any CPU
		{9ACE2619-D232-48EB-94F6-EA9E7E668C68}.Debug|ARM64.ActiveCfg = Debug|Any CPU
		{9ACE2619-D232-48EB-94F6-EA9E7E668C68}.Debug|ARM64.Build.0 = Debug|Any CPU
		{9ACE2619-D232-48EB-94F6-EA9E7E668C68}.Debug|x64.ActiveCfg = Debug|Any CPU
		{9ACE2619-D232-48EB-94F6-EA9E7E668C68}.Debug|x64.Build.0 = Debug|Any CPU
		{9ACE2619-D232-48EB-94F6-EA9E7E668C68}.Debug|x86.ActiveCfg = Debug|Any CPU
		{9ACE2619-D232-48EB-94F6-EA9E7E668C68}.Debug|x86.Build.0 = Debug|Any CPU
		{9ACE2619-D232-48EB-94F6-EA9E7E668C68}.Release|Any CPU.ActiveCfg = Release|Any CPU
		{9ACE2619-D232-48EB-94F6-EA9E7E668C68}.Release|Any CPU.Build.0 = Release|Any CPU
		{9ACE2619-D232-48EB-94F6-EA9E7E668C68}.Release|ARM.ActiveCfg = Release|Any CPU
		{9ACE2619-D232-48EB-94F6-EA9E7E668C68}.Release|ARM.Build.0 = Release|Any CPU
		{9ACE2619-D232-48EB-94F6-EA9E7E668C68}.Release|ARM64.ActiveCfg = Release|Any CPU
		{9ACE2619-D232-48EB-94F6-EA9E7E668C68}.Release|ARM64.Build.0 = Release|Any CPU
		{9ACE2619-D232-48EB-94F6-EA9E7E668C68}.Release|x64.ActiveCfg = Release|Any CPU
		{9ACE2619-D232-48EB-94F6-EA9E7E668C68}.Release|x64.Build.0 = Release|Any CPU
		{9ACE2619-D232-48EB-94F6-EA9E7E668C68}.Release|x86.ActiveCfg = Release|Any CPU
		{9ACE2619-D232-48EB-94F6-EA9E7E668C68}.Release|x86.Build.0 = Release|Any CPU
	EndGlobalSection
	GlobalSection(SolutionProperties) = preSolution
		HideSolutionNode = FALSE
	EndGlobalSection
	GlobalSection(ExtensibilityGlobals) = postSolution
		SolutionGuid = {BA4745FB-0C63-4741-A5DD-75E1179A488C}
	EndGlobalSection
EndGlobal
